
Microsoft Visual Studio Solution File, Format Version 12.00
# Visual Studio 15
VisualStudioVersion = 15.0.26124.0
MinimumVisualStudioVersion = 15.0.26124.0
Project("{FAE04EC0-301F-11D3-BF4B-00C04F79EFBC}") = "CoderPatros.AuthenticatedHttpClient.Basic", "CoderPatros.AuthenticatedHttpClient.Basic\CoderPatros.AuthenticatedHttpClient.Basic.csproj", "{A3076F9F-44E1-4055-8175-52194029D52C}"
EndProject
Project("{FAE04EC0-301F-11D3-BF4B-00C04F79EFBC}") = "CoderPatros.AuthenticatedHttpClient.Basic.Tests", "CoderPatros.AuthenticatedHttpClient.Basic.Tests\CoderPatros.AuthenticatedHttpClient.Basic.Tests.csproj", "{A28EA4C3-02CE-4007-8CA3-9E602BA8D069}"
EndProject
Project("{FAE04EC0-301F-11D3-BF4B-00C04F79EFBC}") = "CoderPatros.AuthenticatedHttpClient.AzureAd", "CoderPatros.AuthenticatedHttpClient.AzureAd\CoderPatros.AuthenticatedHttpClient.AzureAd.csproj", "{C5BD6A46-454C-41E1-B8F2-8029DD206E60}"
EndProject
Project("{FAE04EC0-301F-11D3-BF4B-00C04F79EFBC}") = "CoderPatros.AuthenticatedHttpClient.AzureAppServiceManagedIdentity", "CoderPatros.AuthenticatedHttpClient.AzureAppServiceManagedIdentity\CoderPatros.AuthenticatedHttpClient.AzureAppServiceManagedIdentity.csproj", "{D511EB62-3865-445B-8410-7915D6AF757E}"
EndProject
Project("{FAE04EC0-301F-11D3-BF4B-00C04F79EFBC}") = "CoderPatros.AuthenticatedHttpClient.AzureAd.Tests", "CoderPatros.AuthenticatedHttpClient.AzureAd.Tests\CoderPatros.AuthenticatedHttpClient.AzureAd.Tests.csproj", "{FF9DAB22-C9AB-44B0-B0CF-FDD171721F90}"
EndProject
Project("{FAE04EC0-301F-11D3-BF4B-00C04F79EFBC}") = "CoderPatros.AuthenticatedHttpClient.AzureAppServiceManagedIdentity.Tests", "CoderPatros.AuthenticatedHttpClient.AzureAppServiceManagedIdentity.Tests\CoderPatros.AuthenticatedHttpClient.AzureAppServiceManagedIdentity.Tests.csproj", "{FE52A958-E16F-42B4-A648-FB8B7A2219B7}"
EndProject
Project("{FAE04EC0-301F-11D3-BF4B-00C04F79EFBC}") = "CoderPatros.AuthenticatedHttpClient.QueryStringParameter", "CoderPatros.AuthenticatedHttpClient.QueryStringParameter\CoderPatros.AuthenticatedHttpClient.QueryStringParameter.csproj", "{A1210D99-ABB3-4886-89F4-D26A5AE5F6A7}"
EndProject
Project("{FAE04EC0-301F-11D3-BF4B-00C04F79EFBC}") = "CoderPatros.AuthenticatedHttpClient.QueryStringParameter.Tests", "CoderPatros.AuthenticatedHttpClient.QueryStringParameter.Tests\CoderPatros.AuthenticatedHttpClient.QueryStringParameter.Tests.csproj", "{62771EE7-F5BB-456E-BBCB-75C8F3CD8CCB}"
EndProject
Project("{FAE04EC0-301F-11D3-BF4B-00C04F79EFBC}") = "CoderPatros.AuthenticatedHttpClient.CustomHeader", "CoderPatros.AuthenticatedHttpClient.CustomHeader\CoderPatros.AuthenticatedHttpClient.CustomHeader.csproj", "{FBA45033-2937-4411-A0C9-49908D6B01CB}"
EndProject
Project("{FAE04EC0-301F-11D3-BF4B-00C04F79EFBC}") = "CoderPatros.AuthenticatedHttpClient.CustomHeader.Tests", "CoderPatros.AuthenticatedHttpClient.CustomHeader.Tests\CoderPatros.AuthenticatedHttpClient.CustomHeader.Tests.csproj", "{E76809D2-8E8D-4D07-8AB5-F0ED5C36A370}"
EndProject
Project("{FAE04EC0-301F-11D3-BF4B-00C04F79EFBC}") = "CoderPatros.AuthenticatedHttpClient.AuthorizationHeader", "CoderPatros.AuthenticatedHttpClient.AuthorizationHeader\CoderPatros.AuthenticatedHttpClient.AuthorizationHeader.csproj", "{288D9318-E19E-4411-9C54-B09E236B9943}"
EndProject
Global
	GlobalSection(SolutionConfigurationPlatforms) = preSolution
		Debug|Any CPU = Debug|Any CPU
		Debug|x64 = Debug|x64
		Debug|x86 = Debug|x86
		Release|Any CPU = Release|Any CPU
		Release|x64 = Release|x64
		Release|x86 = Release|x86
	EndGlobalSection
	GlobalSection(SolutionProperties) = preSolution
		HideSolutionNode = FALSE
	EndGlobalSection
	GlobalSection(ProjectConfigurationPlatforms) = postSolution
		{A3076F9F-44E1-4055-8175-52194029D52C}.Debug|Any CPU.ActiveCfg = Debug|Any CPU
		{A3076F9F-44E1-4055-8175-52194029D52C}.Debug|Any CPU.Build.0 = Debug|Any CPU
		{A3076F9F-44E1-4055-8175-52194029D52C}.Debug|x64.ActiveCfg = Debug|Any CPU
		{A3076F9F-44E1-4055-8175-52194029D52C}.Debug|x64.Build.0 = Debug|Any CPU
		{A3076F9F-44E1-4055-8175-52194029D52C}.Debug|x86.ActiveCfg = Debug|Any CPU
		{A3076F9F-44E1-4055-8175-52194029D52C}.Debug|x86.Build.0 = Debug|Any CPU
		{A3076F9F-44E1-4055-8175-52194029D52C}.Release|Any CPU.ActiveCfg = Release|Any CPU
		{A3076F9F-44E1-4055-8175-52194029D52C}.Release|Any CPU.Build.0 = Release|Any CPU
		{A3076F9F-44E1-4055-8175-52194029D52C}.Release|x64.ActiveCfg = Release|Any CPU
		{A3076F9F-44E1-4055-8175-52194029D52C}.Release|x64.Build.0 = Release|Any CPU
		{A3076F9F-44E1-4055-8175-52194029D52C}.Release|x86.ActiveCfg = Release|Any CPU
		{A3076F9F-44E1-4055-8175-52194029D52C}.Release|x86.Build.0 = Release|Any CPU
		{A28EA4C3-02CE-4007-8CA3-9E602BA8D069}.Debug|Any CPU.ActiveCfg = Debug|Any CPU
		{A28EA4C3-02CE-4007-8CA3-9E602BA8D069}.Debug|Any CPU.Build.0 = Debug|Any CPU
		{A28EA4C3-02CE-4007-8CA3-9E602BA8D069}.Debug|x64.ActiveCfg = Debug|Any CPU
		{A28EA4C3-02CE-4007-8CA3-9E602BA8D069}.Debug|x64.Build.0 = Debug|Any CPU
		{A28EA4C3-02CE-4007-8CA3-9E602BA8D069}.Debug|x86.ActiveCfg = Debug|Any CPU
		{A28EA4C3-02CE-4007-8CA3-9E602BA8D069}.Debug|x86.Build.0 = Debug|Any CPU
		{A28EA4C3-02CE-4007-8CA3-9E602BA8D069}.Release|Any CPU.ActiveCfg = Release|Any CPU
		{A28EA4C3-02CE-4007-8CA3-9E602BA8D069}.Release|Any CPU.Build.0 = Release|Any CPU
		{A28EA4C3-02CE-4007-8CA3-9E602BA8D069}.Release|x64.ActiveCfg = Release|Any CPU
		{A28EA4C3-02CE-4007-8CA3-9E602BA8D069}.Release|x64.Build.0 = Release|Any CPU
		{A28EA4C3-02CE-4007-8CA3-9E602BA8D069}.Release|x86.ActiveCfg = Release|Any CPU
		{A28EA4C3-02CE-4007-8CA3-9E602BA8D069}.Release|x86.Build.0 = Release|Any CPU
		{C5BD6A46-454C-41E1-B8F2-8029DD206E60}.Debug|Any CPU.ActiveCfg = Debug|Any CPU
		{C5BD6A46-454C-41E1-B8F2-8029DD206E60}.Debug|Any CPU.Build.0 = Debug|Any CPU
		{C5BD6A46-454C-41E1-B8F2-8029DD206E60}.Debug|x64.ActiveCfg = Debug|Any CPU
		{C5BD6A46-454C-41E1-B8F2-8029DD206E60}.Debug|x64.Build.0 = Debug|Any CPU
		{C5BD6A46-454C-41E1-B8F2-8029DD206E60}.Debug|x86.ActiveCfg = Debug|Any CPU
		{C5BD6A46-454C-41E1-B8F2-8029DD206E60}.Debug|x86.Build.0 = Debug|Any CPU
		{C5BD6A46-454C-41E1-B8F2-8029DD206E60}.Release|Any CPU.ActiveCfg = Release|Any CPU
		{C5BD6A46-454C-41E1-B8F2-8029DD206E60}.Release|Any CPU.Build.0 = Release|Any CPU
		{C5BD6A46-454C-41E1-B8F2-8029DD206E60}.Release|x64.ActiveCfg = Release|Any CPU
		{C5BD6A46-454C-41E1-B8F2-8029DD206E60}.Release|x64.Build.0 = Release|Any CPU
		{C5BD6A46-454C-41E1-B8F2-8029DD206E60}.Release|x86.ActiveCfg = Release|Any CPU
		{C5BD6A46-454C-41E1-B8F2-8029DD206E60}.Release|x86.Build.0 = Release|Any CPU
		{D511EB62-3865-445B-8410-7915D6AF757E}.Debug|Any CPU.ActiveCfg = Debug|Any CPU
		{D511EB62-3865-445B-8410-7915D6AF757E}.Debug|Any CPU.Build.0 = Debug|Any CPU
		{D511EB62-3865-445B-8410-7915D6AF757E}.Debug|x64.ActiveCfg = Debug|Any CPU
		{D511EB62-3865-445B-8410-7915D6AF757E}.Debug|x64.Build.0 = Debug|Any CPU
		{D511EB62-3865-445B-8410-7915D6AF757E}.Debug|x86.ActiveCfg = Debug|Any CPU
		{D511EB62-3865-445B-8410-7915D6AF757E}.Debug|x86.Build.0 = Debug|Any CPU
		{D511EB62-3865-445B-8410-7915D6AF757E}.Release|Any CPU.ActiveCfg = Release|Any CPU
		{D511EB62-3865-445B-8410-7915D6AF757E}.Release|Any CPU.Build.0 = Release|Any CPU
		{D511EB62-3865-445B-8410-7915D6AF757E}.Release|x64.ActiveCfg = Release|Any CPU
		{D511EB62-3865-445B-8410-7915D6AF757E}.Release|x64.Build.0 = Release|Any CPU
		{D511EB62-3865-445B-8410-7915D6AF757E}.Release|x86.ActiveCfg = Release|Any CPU
		{D511EB62-3865-445B-8410-7915D6AF757E}.Release|x86.Build.0 = Release|Any CPU
		{FF9DAB22-C9AB-44B0-B0CF-FDD171721F90}.Debug|Any CPU.ActiveCfg = Debug|Any CPU
		{FF9DAB22-C9AB-44B0-B0CF-FDD171721F90}.Debug|Any CPU.Build.0 = Debug|Any CPU
		{FF9DAB22-C9AB-44B0-B0CF-FDD171721F90}.Debug|x64.ActiveCfg = Debug|Any CPU
		{FF9DAB22-C9AB-44B0-B0CF-FDD171721F90}.Debug|x64.Build.0 = Debug|Any CPU
		{FF9DAB22-C9AB-44B0-B0CF-FDD171721F90}.Debug|x86.ActiveCfg = Debug|Any CPU
		{FF9DAB22-C9AB-44B0-B0CF-FDD171721F90}.Debug|x86.Build.0 = Debug|Any CPU
		{FF9DAB22-C9AB-44B0-B0CF-FDD171721F90}.Release|Any CPU.ActiveCfg = Release|Any CPU
		{FF9DAB22-C9AB-44B0-B0CF-FDD171721F90}.Release|Any CPU.Build.0 = Release|Any CPU
		{FF9DAB22-C9AB-44B0-B0CF-FDD171721F90}.Release|x64.ActiveCfg = Release|Any CPU
		{FF9DAB22-C9AB-44B0-B0CF-FDD171721F90}.Release|x64.Build.0 = Release|Any CPU
		{FF9DAB22-C9AB-44B0-B0CF-FDD171721F90}.Release|x86.ActiveCfg = Release|Any CPU
		{FF9DAB22-C9AB-44B0-B0CF-FDD171721F90}.Release|x86.Build.0 = Release|Any CPU
		{FE52A958-E16F-42B4-A648-FB8B7A2219B7}.Debug|Any CPU.ActiveCfg = Debug|Any CPU
		{FE52A958-E16F-42B4-A648-FB8B7A2219B7}.Debug|Any CPU.Build.0 = Debug|Any CPU
		{FE52A958-E16F-42B4-A648-FB8B7A2219B7}.Debug|x64.ActiveCfg = Debug|Any CPU
		{FE52A958-E16F-42B4-A648-FB8B7A2219B7}.Debug|x64.Build.0 = Debug|Any CPU
		{FE52A958-E16F-42B4-A648-FB8B7A2219B7}.Debug|x86.ActiveCfg = Debug|Any CPU
		{FE52A958-E16F-42B4-A648-FB8B7A2219B7}.Debug|x86.Build.0 = Debug|Any CPU
		{FE52A958-E16F-42B4-A648-FB8B7A2219B7}.Release|Any CPU.ActiveCfg = Release|Any CPU
		{FE52A958-E16F-42B4-A648-FB8B7A2219B7}.Release|Any CPU.Build.0 = Release|Any CPU
		{FE52A958-E16F-42B4-A648-FB8B7A2219B7}.Release|x64.ActiveCfg = Release|Any CPU
		{FE52A958-E16F-42B4-A648-FB8B7A2219B7}.Release|x64.Build.0 = Release|Any CPU
		{FE52A958-E16F-42B4-A648-FB8B7A2219B7}.Release|x86.ActiveCfg = Release|Any CPU
		{FE52A958-E16F-42B4-A648-FB8B7A2219B7}.Release|x86.Build.0 = Release|Any CPU
		{A1210D99-ABB3-4886-89F4-D26A5AE5F6A7}.Debug|Any CPU.ActiveCfg = Debug|Any CPU
		{A1210D99-ABB3-4886-89F4-D26A5AE5F6A7}.Debug|Any CPU.Build.0 = Debug|Any CPU
		{A1210D99-ABB3-4886-89F4-D26A5AE5F6A7}.Debug|x64.ActiveCfg = Debug|Any CPU
		{A1210D99-ABB3-4886-89F4-D26A5AE5F6A7}.Debug|x64.Build.0 = Debug|Any CPU
		{A1210D99-ABB3-4886-89F4-D26A5AE5F6A7}.Debug|x86.ActiveCfg = Debug|Any CPU
		{A1210D99-ABB3-4886-89F4-D26A5AE5F6A7}.Debug|x86.Build.0 = Debug|Any CPU
		{A1210D99-ABB3-4886-89F4-D26A5AE5F6A7}.Release|Any CPU.ActiveCfg = Release|Any CPU
		{A1210D99-ABB3-4886-89F4-D26A5AE5F6A7}.Release|Any CPU.Build.0 = Release|Any CPU
		{A1210D99-ABB3-4886-89F4-D26A5AE5F6A7}.Release|x64.ActiveCfg = Release|Any CPU
		{A1210D99-ABB3-4886-89F4-D26A5AE5F6A7}.Release|x64.Build.0 = Release|Any CPU
		{A1210D99-ABB3-4886-89F4-D26A5AE5F6A7}.Release|x86.ActiveCfg = Release|Any CPU
		{A1210D99-ABB3-4886-89F4-D26A5AE5F6A7}.Release|x86.Build.0 = Release|Any CPU
		{62771EE7-F5BB-456E-BBCB-75C8F3CD8CCB}.Debug|Any CPU.ActiveCfg = Debug|Any CPU
		{62771EE7-F5BB-456E-BBCB-75C8F3CD8CCB}.Debug|Any CPU.Build.0 = Debug|Any CPU
		{62771EE7-F5BB-456E-BBCB-75C8F3CD8CCB}.Debug|x64.ActiveCfg = Debug|Any CPU
		{62771EE7-F5BB-456E-BBCB-75C8F3CD8CCB}.Debug|x64.Build.0 = Debug|Any CPU
		{62771EE7-F5BB-456E-BBCB-75C8F3CD8CCB}.Debug|x86.ActiveCfg = Debug|Any CPU
		{62771EE7-F5BB-456E-BBCB-75C8F3CD8CCB}.Debug|x86.Build.0 = Debug|Any CPU
		{62771EE7-F5BB-456E-BBCB-75C8F3CD8CCB}.Release|Any CPU.ActiveCfg = Release|Any CPU
		{62771EE7-F5BB-456E-BBCB-75C8F3CD8CCB}.Release|Any CPU.Build.0 = Release|Any CPU
		{62771EE7-F5BB-456E-BBCB-75C8F3CD8CCB}.Release|x64.ActiveCfg = Release|Any CPU
		{62771EE7-F5BB-456E-BBCB-75C8F3CD8CCB}.Release|x64.Build.0 = Release|Any CPU
		{62771EE7-F5BB-456E-BBCB-75C8F3CD8CCB}.Release|x86.ActiveCfg = Release|Any CPU
		{62771EE7-F5BB-456E-BBCB-75C8F3CD8CCB}.Release|x86.Build.0 = Release|Any CPU
		{FBA45033-2937-4411-A0C9-49908D6B01CB}.Debug|Any CPU.ActiveCfg = Debug|Any CPU
		{FBA45033-2937-4411-A0C9-49908D6B01CB}.Debug|Any CPU.Build.0 = Debug|Any CPU
		{FBA45033-2937-4411-A0C9-49908D6B01CB}.Debug|x64.ActiveCfg = Debug|Any CPU
		{FBA45033-2937-4411-A0C9-49908D6B01CB}.Debug|x64.Build.0 = Debug|Any CPU
		{FBA45033-2937-4411-A0C9-49908D6B01CB}.Debug|x86.ActiveCfg = Debug|Any CPU
		{FBA45033-2937-4411-A0C9-49908D6B01CB}.Debug|x86.Build.0 = Debug|Any CPU
		{FBA45033-2937-4411-A0C9-49908D6B01CB}.Release|Any CPU.ActiveCfg = Release|Any CPU
		{FBA45033-2937-4411-A0C9-49908D6B01CB}.Release|Any CPU.Build.0 = Release|Any CPU
		{FBA45033-2937-4411-A0C9-49908D6B01CB}.Release|x64.ActiveCfg = Release|Any CPU
		{FBA45033-2937-4411-A0C9-49908D6B01CB}.Release|x64.Build.0 = Release|Any CPU
		{FBA45033-2937-4411-A0C9-49908D6B01CB}.Release|x86.ActiveCfg = Release|Any CPU
		{FBA45033-2937-4411-A0C9-49908D6B01CB}.Release|x86.Build.0 = Release|Any CPU
		{E76809D2-8E8D-4D07-8AB5-F0ED5C36A370}.Debug|Any CPU.ActiveCfg = Debug|Any CPU
		{E76809D2-8E8D-4D07-8AB5-F0ED5C36A370}.Debug|Any CPU.Build.0 = Debug|Any CPU
		{E76809D2-8E8D-4D07-8AB5-F0ED5C36A370}.Debug|x64.ActiveCfg = Debug|Any CPU
		{E76809D2-8E8D-4D07-8AB5-F0ED5C36A370}.Debug|x64.Build.0 = Debug|Any CPU
		{E76809D2-8E8D-4D07-8AB5-F0ED5C36A370}.Debug|x86.ActiveCfg = Debug|Any CPU
		{E76809D2-8E8D-4D07-8AB5-F0ED5C36A370}.Debug|x86.Build.0 = Debug|Any CPU
		{E76809D2-8E8D-4D07-8AB5-F0ED5C36A370}.Release|Any CPU.ActiveCfg = Release|Any CPU
		{E76809D2-8E8D-4D07-8AB5-F0ED5C36A370}.Release|Any CPU.Build.0 = Release|Any CPU
		{E76809D2-8E8D-4D07-8AB5-F0ED5C36A370}.Release|x64.ActiveCfg = Release|Any CPU
		{E76809D2-8E8D-4D07-8AB5-F0ED5C36A370}.Release|x64.Build.0 = Release|Any CPU
		{E76809D2-8E8D-4D07-8AB5-F0ED5C36A370}.Release|x86.ActiveCfg = Release|Any CPU
		{E76809D2-8E8D-4D07-8AB5-F0ED5C36A370}.Release|x86.Build.0 = Release|Any CPU
		{288D9318-E19E-4411-9C54-B09E236B9943}.Debug|Any CPU.ActiveCfg = Debug|Any CPU
		{288D9318-E19E-4411-9C54-B09E236B9943}.Debug|Any CPU.Build.0 = Debug|Any CPU
		{288D9318-E19E-4411-9C54-B09E236B9943}.Debug|x64.ActiveCfg = Debug|Any CPU
		{288D9318-E19E-4411-9C54-B09E236B9943}.Debug|x64.Build.0 = Debug|Any CPU
		{288D9318-E19E-4411-9C54-B09E236B9943}.Debug|x86.ActiveCfg = Debug|Any CPU
		{288D9318-E19E-4411-9C54-B09E236B9943}.Debug|x86.Build.0 = Debug|Any CPU
		{288D9318-E19E-4411-9C54-B09E236B9943}.Release|Any CPU.ActiveCfg = Release|Any CPU
		{288D9318-E19E-4411-9C54-B09E236B9943}.Release|Any CPU.Build.0 = Release|Any CPU
		{288D9318-E19E-4411-9C54-B09E236B9943}.Release|x64.ActiveCfg = Release|Any CPU
		{288D9318-E19E-4411-9C54-B09E236B9943}.Release|x64.Build.0 = Release|Any CPU
		{288D9318-E19E-4411-9C54-B09E236B9943}.Release|x86.ActiveCfg = Release|Any CPU
		{288D9318-E19E-4411-9C54-B09E236B9943}.Release|x86.Build.0 = Release|Any CPU
	EndGlobalSection
EndGlobal
