
Microsoft Visual Studio Solution File, Format Version 12.00
# Visual Studio 15
VisualStudioVersion = 15.0.26124.0
MinimumVisualStudioVersion = 15.0.26124.0
Project("{FAE04EC0-301F-11D3-BF4B-00C04F79EFBC}") = "Patros.AuthenticatedHttpClient.Basic", "Patros.AuthenticatedHttpClient.Basic\Patros.AuthenticatedHttpClient.Basic.csproj", "{A3076F9F-44E1-4055-8175-52194029D52C}"
EndProject
Project("{FAE04EC0-301F-11D3-BF4B-00C04F79EFBC}") = "Patros.AuthenticatedHttpClient.Basic.Tests", "Patros.AuthenticatedHttpClient.Basic.Tests\Patros.AuthenticatedHttpClient.Basic.Tests.csproj", "{A28EA4C3-02CE-4007-8CA3-9E602BA8D069}"
EndProject
Project("{FAE04EC0-301F-11D3-BF4B-00C04F79EFBC}") = "Patros.AuthenticatedHttpClient.AzureAd", "Patros.AuthenticatedHttpClient.AzureAd\Patros.AuthenticatedHttpClient.AzureAd.csproj", "{C5BD6A46-454C-41E1-B8F2-8029DD206E60}"
EndProject
Global
	GlobalSection(SolutionConfigurationPlatforms) = preSolution
		Debug|Any CPU = Debug|Any CPU
		Debug|x64 = Debug|x64
		Debug|x86 = Debug|x86
		Release|Any CPU = Release|Any CPU
		Release|x64 = Release|x64
		Release|x86 = Release|x86
	EndGlobalSection
	GlobalSection(SolutionProperties) = preSolution
		HideSolutionNode = FALSE
	EndGlobalSection
	GlobalSection(ProjectConfigurationPlatforms) = postSolution
		{A3076F9F-44E1-4055-8175-52194029D52C}.Debug|Any CPU.ActiveCfg = Debug|Any CPU
		{A3076F9F-44E1-4055-8175-52194029D52C}.Debug|Any CPU.Build.0 = Debug|Any CPU
		{A3076F9F-44E1-4055-8175-52194029D52C}.Debug|x64.ActiveCfg = Debug|Any CPU
		{A3076F9F-44E1-4055-8175-52194029D52C}.Debug|x64.Build.0 = Debug|Any CPU
		{A3076F9F-44E1-4055-8175-52194029D52C}.Debug|x86.ActiveCfg = Debug|Any CPU
		{A3076F9F-44E1-4055-8175-52194029D52C}.Debug|x86.Build.0 = Debug|Any CPU
		{A3076F9F-44E1-4055-8175-52194029D52C}.Release|Any CPU.ActiveCfg = Release|Any CPU
		{A3076F9F-44E1-4055-8175-52194029D52C}.Release|Any CPU.Build.0 = Release|Any CPU
		{A3076F9F-44E1-4055-8175-52194029D52C}.Release|x64.ActiveCfg = Release|Any CPU
		{A3076F9F-44E1-4055-8175-52194029D52C}.Release|x64.Build.0 = Release|Any CPU
		{A3076F9F-44E1-4055-8175-52194029D52C}.Release|x86.ActiveCfg = Release|Any CPU
		{A3076F9F-44E1-4055-8175-52194029D52C}.Release|x86.Build.0 = Release|Any CPU
		{A28EA4C3-02CE-4007-8CA3-9E602BA8D069}.Debug|Any CPU.ActiveCfg = Debug|Any CPU
		{A28EA4C3-02CE-4007-8CA3-9E602BA8D069}.Debug|Any CPU.Build.0 = Debug|Any CPU
		{A28EA4C3-02CE-4007-8CA3-9E602BA8D069}.Debug|x64.ActiveCfg = Debug|Any CPU
		{A28EA4C3-02CE-4007-8CA3-9E602BA8D069}.Debug|x64.Build.0 = Debug|Any CPU
		{A28EA4C3-02CE-4007-8CA3-9E602BA8D069}.Debug|x86.ActiveCfg = Debug|Any CPU
		{A28EA4C3-02CE-4007-8CA3-9E602BA8D069}.Debug|x86.Build.0 = Debug|Any CPU
		{A28EA4C3-02CE-4007-8CA3-9E602BA8D069}.Release|Any CPU.ActiveCfg = Release|Any CPU
		{A28EA4C3-02CE-4007-8CA3-9E602BA8D069}.Release|Any CPU.Build.0 = Release|Any CPU
		{A28EA4C3-02CE-4007-8CA3-9E602BA8D069}.Release|x64.ActiveCfg = Release|Any CPU
		{A28EA4C3-02CE-4007-8CA3-9E602BA8D069}.Release|x64.Build.0 = Release|Any CPU
		{A28EA4C3-02CE-4007-8CA3-9E602BA8D069}.Release|x86.ActiveCfg = Release|Any CPU
		{A28EA4C3-02CE-4007-8CA3-9E602BA8D069}.Release|x86.Build.0 = Release|Any CPU
		{C5BD6A46-454C-41E1-B8F2-8029DD206E60}.Debug|Any CPU.ActiveCfg = Debug|Any CPU
		{C5BD6A46-454C-41E1-B8F2-8029DD206E60}.Debug|Any CPU.Build.0 = Debug|Any CPU
		{C5BD6A46-454C-41E1-B8F2-8029DD206E60}.Debug|x64.ActiveCfg = Debug|Any CPU
		{C5BD6A46-454C-41E1-B8F2-8029DD206E60}.Debug|x64.Build.0 = Debug|Any CPU
		{C5BD6A46-454C-41E1-B8F2-8029DD206E60}.Debug|x86.ActiveCfg = Debug|Any CPU
		{C5BD6A46-454C-41E1-B8F2-8029DD206E60}.Debug|x86.Build.0 = Debug|Any CPU
		{C5BD6A46-454C-41E1-B8F2-8029DD206E60}.Release|Any CPU.ActiveCfg = Release|Any CPU
		{C5BD6A46-454C-41E1-B8F2-8029DD206E60}.Release|Any CPU.Build.0 = Release|Any CPU
		{C5BD6A46-454C-41E1-B8F2-8029DD206E60}.Release|x64.ActiveCfg = Release|Any CPU
		{C5BD6A46-454C-41E1-B8F2-8029DD206E60}.Release|x64.Build.0 = Release|Any CPU
		{C5BD6A46-454C-41E1-B8F2-8029DD206E60}.Release|x86.ActiveCfg = Release|Any CPU
		{C5BD6A46-454C-41E1-B8F2-8029DD206E60}.Release|x86.Build.0 = Release|Any CPU
	EndGlobalSection
EndGlobal
